
Microsoft Visual Studio Solution File, Format Version 12.00
Project("{C8D83D58-95A0-4710-9F70-7BD4F8C72A35}") = "PoEKompanion", "PoEKompanion.csproj", "{C8CF5DF7-4D1E-450B-87BB-EE177419A914}"
EndProject
Global
	GlobalSection(SolutionConfigurationPlatforms) = preSolution
		Debug|Any CPU = Debug|Any CPU
		Release|Any CPU = Release|Any CPU
	EndGlobalSection
	GlobalSection(ProjectConfigurationPlatforms) = postSolution
		{C8CF5DF7-4D1E-450B-87BB-EE177419A914}.Debug|Any CPU.ActiveCfg = Debug|Any CPU
		{C8CF5DF7-4D1E-450B-87BB-EE177419A914}.Debug|Any CPU.Build.0 = Debug|Any CPU
		{C8CF5DF7-4D1E-450B-87BB-EE177419A914}.Release|Any CPU.ActiveCfg = Release|Any CPU
		{C8CF5DF7-4D1E-450B-87BB-EE177419A914}.Release|Any CPU.Build.0 = Release|Any CPU
	EndGlobalSection
EndGlobal
